lockfileVersion: '6.0'

settings:
  autoInstallPeers: true
  excludeLinksFromLockfile: false

dependencies:
  '@types/joi':
    specifier: ^17.2.3
    version: 17.2.3
  hono:
    specifier: ^4.9.1
    version: 4.9.1
  joi:
    specifier: ^18.0.0
    version: 18.0.0

packages:

  /@hapi/address@5.1.1:
    resolution: {integrity: sha512-A+po2d/dVoY7cYajycYI43ZbYMXukuopIsqCjh5QzsBCipDtdofHntljDlpccMjIfTy6UOkg+5KPriwYch2bXA==}
    engines: {node: '>=14.0.0'}
    dependencies:
      '@hapi/hoek': 11.0.7
    dev: false

  /@hapi/formula@3.0.2:
    resolution: {integrity: sha512-hY5YPNXzw1He7s0iqkRQi+uMGh383CGdyyIGYtB+W5N3KHPXoqychklvHhKCC9M3Xtv0OCs/IHw+r4dcHtBYWw==}
    dev: false

  /@hapi/hoek@11.0.7:
    resolution: {integrity: sha512-HV5undWkKzcB4RZUusqOpcgxOaq6VOAH7zhhIr2g3G8NF/MlFO75SjOr2NfuSx0Mh40+1FqCkagKLJRykUWoFQ==}
    dev: false

  /@hapi/pinpoint@2.0.1:
    resolution: {integrity: sha512-EKQmr16tM8s16vTT3cA5L0kZZcTMU5DUOZTuvpnY738m+jyP3JIUj+Mm1xc1rsLkGBQ/gVnfKYPwOmPg1tUR4Q==}
    dev: false

  /@hapi/tlds@1.1.2:
    resolution: {integrity: sha512-1jkwm1WY9VIb6WhdANRmWDkXQUcIRpxqZpSdS+HD9vhoVL3zwoFvP8doQNEgT6k3VST0Ewu50wZnXIceRYp5tw==}
    engines: {node: '>=14.0.0'}
    dev: false

  /@hapi/topo@6.0.2:
    resolution: {integrity: sha512-KR3rD5inZbGMrHmgPxsJ9dbi6zEK+C3ZwUwTa+eMwWLz7oijWUTWD2pMSNNYJAU6Qq+65NkxXjqHr/7LM2Xkqg==}
    dependencies:
      '@hapi/hoek': 11.0.7
    dev: false

  /@standard-schema/spec@1.0.0:
    resolution: {integrity: sha512-m2bOd0f2RT9k8QJx1JN85cZYyH1RqFBdlwtkSlf4tBDYLCiiZnv1fIIwacK6cqwXavOydf0NPToMQgpKq+dVlA==}
    dev: false

  /@types/joi@17.2.3:
    resolution: {integrity: sha512-dGjs/lhrWOa+eO0HwgxCSnDm5eMGCsXuvLglMghJq32F6q5LyyNuXb41DHzrg501CKNOSSAHmfB7FDGeUnDmzw==}
    deprecated: This is a stub types definition. joi provides its own type definitions, so you do not need this installed.
    dependencies:
      joi: 18.0.0
    dev: false

  /hono@4.9.1:
    resolution: {integrity: sha512-qfvdJ42t6CQE0N/iSCa8KsW8SQqYD67YB+TYbwPHlnALvX+s7ynh8otR1NEk5jXtUg73gpV/B82OSufDmwtX3w==}
    engines: {node: '>=16.9.0'}
    dev: false

  /joi@18.0.0:
    resolution: {integrity: sha512-fpbpXN/TD04Xz1/cCXzUR3ghDkhyiHjbzTILx3wNyKXIzQJ55uYAkUGWwhX72uHge/6MdFA/kp1ZUh35DlYmaA==}
    engines: {node: '>= 20'}
    dependencies:
      '@hapi/address': 5.1.1
      '@hapi/formula': 3.0.2
      '@hapi/hoek': 11.0.7
      '@hapi/pinpoint': 2.0.1
      '@hapi/tlds': 1.1.2
      '@hapi/topo': 6.0.2
      '@standard-schema/spec': 1.0.0
    dev: false
